<Solution>
  <Project Path="CorpInsightsTW.Core/CorpInsightsTW.Core.csproj" />
  <Project Path="CorpInsightsTW.DbMigrator/CorpInsightsTW.DbMigrator.csproj" />
  <Project Path="CorpInsightsTW.Infrastructure/CorpInsightsTW.Infrastructure.csproj" />
  <Project Path="CorpInsightsTW.Tests/CorpInsightsTW.Tests.csproj" />
</Solution>
